
Microsoft Visual Studio Solution File, Format Version 12.00
# Visual Studio 15
VisualStudioVersion = 15.0.28307.1062
MinimumVisualStudioVersion = 10.0.40219.1
Project("{8BC9CEB8-8B4A-11D0-8D11-00A0C91BC942}") = "CGame", "CGame.vcxproj", "{C265C68D-0CC1-4DC1-B4A2-AAA5C8EC6582}"
EndProject
Global
	GlobalSection(SolutionConfigurationPlatforms) = preSolution
		Debug|x64 = Debug|x64
		Debug|x86 = Debug|x86
		Release|x64 = Release|x64
		Release|x86 = Release|x86
	EndGlobalSection
	GlobalSection(ProjectConfigurationPlatforms) = postSolution
		{C265C68D-0CC1-4DC1-B4A2-AAA5C8EC6582}.Debug|x64.ActiveCfg = Debug|x64
		{C265C68D-0CC1-4DC1-B4A2-AAA5C8EC6582}.Debug|x64.Build.0 = Debug|x64
		{C265C68D-0CC1-4DC1-B4A2-AAA5C8EC6582}.Debug|x86.ActiveCfg = Debug|Win32
		{C265C68D-0CC1-4DC1-B4A2-AAA5C8EC6582}.Debug|x86.Build.0 = Debug|Win32
		{C265C68D-0CC1-4DC1-B4A2-AAA5C8EC6582}.Release|x64.ActiveCfg = Release|x64
		{C265C68D-0CC1-4DC1-B4A2-AAA5C8EC6582}.Release|x64.Build.0 = Release|x64
		{C265C68D-0CC1-4DC1-B4A2-AAA5C8EC6582}.Release|x86.ActiveCfg = Release|Win32
		{C265C68D-0CC1-4DC1-B4A2-AAA5C8EC6582}.Release|x86.Build.0 = Release|Win32
	EndGlobalSection
	GlobalSection(SolutionProperties) = preSolution
		HideSolutionNode = FALSE
	EndGlobalSection
	GlobalSection(ExtensibilityGlobals) = postSolution
		SolutionGuid = {B581D14A-947E-4021-ACA8-BAD102368F49}
	EndGlobalSection
EndGlobal
